{
  "name": "bsb-520dev2-import",
  "version": "0.1.0",
  "lockfileVersion": 1,
  "requires": true,
  "dependencies": {
    "bs-abstract": {
      "version": "0.17.0",
      "resolved": "https://registry.npmjs.org/bs-abstract/-/bs-abstract-0.17.0.tgz",
      "integrity": "sha512-J1sPz2EZS29Ga0YdOVV8wD7PPKpCxrpEgMKLcehXNseSNxiWgmg4mxmJEhRva/d/d0LpjM4HysBiuCDwZ1FTNQ=="
    },
    "bs-platform": {
      "version": "5.2.0-dev.2",
      "resolved": "https://registry.npmjs.org/bs-platform/-/bs-platform-5.2.0-dev.2.tgz",
      "integrity": "sha512-qDN1ihhdsy/RxyK1J+YVrWu7MTZQx29SCeryhsc1TnhTHG1khrAdg9wtzR2UWBYOfFFl+WuHrhPFKUx4eA40eg==",
      "dev": true
    },
    "relude": {
      "version": "0.28.0",
      "resolved": "https://registry.npmjs.org/relude/-/relude-0.28.0.tgz",
      "integrity": "sha512-XgcPqQBIbrK+NEEjSbXsnqsqa0gjpeOM6RZT999Gq2YGnsOSzOmzhbYtIcU3icgcjR1Kkwhmhj7wiQMGlRZlyA=="
    }
  }
}
